# OmniLLM Engine Pack — llama.cpp UPSTREAM.lock
# Authority: ENGINE-LLAMACPP §1, ENGINE-STANDARD §4
#
# Rules:
# - Architecture docs never pin "latest". Empty digests ⇒ NOT_LOCKED.
# - Registry must NOT publish QUALIFIED / SUPPORTED without a complete lock
#   (repository, tag/commit, sourceDigest, patchDigest, toolchain, ABI,
#   buildFlags, artifactDigest, observedAt, license).
# - Builds without a complete lock are exploratory evidence only.
# - Updating any lock field ⇒ new EngineBuildId; old evidence does not auto-carry.
#
# Pin note (2026-08-06):
# - Official upstream: ggml-org/llama.cpp tag b9999 /
#   commit 47c786924ad1ab7e91da2cdc72fcdb563780c2bd
# - Vendored (library-pruned) tree under
#   android/native/src/main/cpp/third_party/llama.cpp (committed WITHOUT .git;
#   build-info pin D1 embeds the upstream commit from our own CMakeLists.txt).
# - LOCKED 2026-08-09: sourceDigest = SHA-256 of `git archive --format=tar b9999`
#   (full upstream archive; the vendored tree is the library-pruned copy of the
#   same commit); toolchainDigest = SHA-256 of the recorded toolchain identifiers.
# - Artifact digest policy (D2, recaptured 2026-08-29): artifactDigest = SHA-256
#   of the STRIPPED libomnillm_llama.so exactly as packaged in the release APK
#   (lib/<abi>/libomnillm_llama.so) — variant "stripped-packaged". Captured from
#   the ubuntu-latest CI release build (same vendored tree, D1 pin active;
#   embedded upstream commit = 47c786924ad…; outer-repo commit is NOT embedded).
#   Verified by tools/ci/verify_llama_digest.py (wired into root `check`).
# - Qualification cells remain UNQUALIFIED until device evidence; a complete lock
#   is a supply-chain requirement, not a SUPPORTED claim.

schemaVersion: 1
engineId: llama.cpp
lockState: LOCKED

upstream:
  # Official repository (ENGINE-LLAMACPP §1)
  repository: "https://github.com/ggml-org/llama.cpp"
  # Concrete release tag + full commit SHA (observed 2026-08-06)
  tag: "b9999"
  commit: "47c786924ad1ab7e91da2cdc72fcdb563780c2bd"
  # SHA-256 of the pinned source tree (git archive of tag b9999) — captured 2026-08-09
  sourceDigest: "0db16a489833550e5ff7c975f8c18798b58a01d4bf61be8a21eff25ac48f8c68"
  # SHA-256 of OmniLLM patch set; empty string = no patches (field present)
  patchDigest: ""
  # When the lock pin fields above were observed (ISO-8601 UTC)
  observedAt: "2026-08-29T00:00:00Z"

license:
  # SPDX recorded for upstream
  spdx: "MIT"
  # Path relative to pinned source for LICENSE / NOTICE capture
  licensePath: "LICENSE"
  # SHA-256 of LICENSE bytes at pin (tag b9999 tree)
  licenseDigest: "bcd8ec749126d45cb06737d0690295d73df4b6e7e194205bcf91190368f27285"
  # Optional notice / third-party report digests
  noticeDigest: ""
  dependencyReportDigest: ""

toolchain:
  # Must match product ANDROID-NATIVE / platform-policy locks when building for Android
  ndkVersion: "28.2.13676358"
  cmakeVersion: "3.22.1"
  # SHA-256 of the recorded toolchain fingerprint
  # (ndkVersion+cmakeVersion+host+stl+std+buildFlags subset) — captured 2026-08-09
  toolchainDigest: "d831e82e95f9b871ba2ff405aced982919d11135f8b7ec54f6bd9339e9ae7575"
  # Additional compiler/host identifiers recorded at build time
  hostOs: "windows"
  hostArch: "x86_64"

build:
  # Canonical build flag set for this EngineBuildId
  buildFlags: "-DANDROID_SUPPORT_FLEXIBLE_PAGE_SIZES=ON -DANDROID_STL=c++_shared -std=c++17 -DOMNILLM_LLAMA_WITH_UPSTREAM=ON -DLLAMA_BUILD_COMMON=OFF -DLLAMA_BUILD_TESTS=OFF -DLLAMA_BUILD_TOOLS=OFF -DGGML_NATIVE=OFF -DGGML_OPENMP=OFF"
  # ABIs included when :android:native externalNativeBuild runs
  abis: ["arm64-v8a", "x86_64"]
  # 16 KB page-size / packaging evidence pointer — ELF LOAD-segment scan via
  # tools/ci/check_elf_16kb_alignment.py (CI gate `checkNative16kb`)
  pageSizeEvidence: "checkNative16kb CI gate + tools/ci/check_elf_16kb_alignment.py"
  # Optional CMake presets / feature toggles (must not silently enable untrusted backends)
  features:
    cpu: true
    vulkan: false
    opencl: false
    # Multimodal projectors are unsupported-by-default until cell qualification
    multimodal: false
    # Real llama.cpp vendor integration (vendored tree linked, verified b9999)
    shimImplementation: false
    experimentalFixture: true
    pathFdLoad: true

artifact:
  # EngineBuildId string published with this lock (opaque; not a native pointer)
  # Complete supply-chain lock (b9999 + source/toolchain/artifact digests).
  engineBuildId: "llama-cpp-b9999-android"
  # Digest policy (D2): SHA-256 of the STRIPPED libomnillm_llama.so as packaged
  # in the release APK (lib/<abi>/libomnillm_llama.so). NOT the unstripped
  # CMake obj artifact. Recaptured 2026-08-29 from the ubuntu-latest CI
  # release build (D1 build-info pin active; see notes.artifactReleaseRecapture).
  variant: "stripped-packaged"
  # SHA-256 of packaged stripped native artifact(s) — recaptured 2026-08-29
  # from the ubuntu-latest CI release build (see notes.artifactReleaseRecapture):
  #   arm64-v8a: dbd57c7b20bf82637da17da9cd978234bbb71ebfd69805b438fc8123568cc6c9
  #   x86_64:    67a98bbb25b3006f190a3bac144e50cd2781c44d82c1c752bfae082808fcd6c5
  artifactDigest:
    arm64-v8a: "dbd57c7b20bf82637da17da9cd978234bbb71ebfd69805b438fc8123568cc6c9"
    x86_64: "67a98bbb25b3006f190a3bac144e50cd2781c44d82c1c752bfae082808fcd6c5"
  # Optional secondary digests (split APKs, debug symbols index)
  symbolIndexDigest: ""

testedProfile:
  # Labels only — evidence lives in EngineRegistry cells, not this lock alone
  platform: "android"
  backends: ["cpu"]
  formats: ["GGUF"]
  # Qualification profile id once defined; empty until first evidence pack
  profileId: ""

notes:
  integrationShape: "C/C++ library adapter via JNI; upstream HTTP server is not the core interface"
  nativeArtifact: "libomnillm_llama.so packaged by :android:native (links llama.cpp b9999; always has EXPERIMENTAL_FIXTURE C++ loop)"
  vendorPath: "android/native/src/main/cpp/third_party/llama.cpp"
  vendorFetch: "See android/native/src/main/cpp/third_party/README.md (git clone --depth 1 --branch b9999)"
  artifactReleaseRecapture: "RECAPTURED 2026-08-29 (D2): digests taken from the ubuntu-latest CI release build (run 33227916534 / job 99035127424 at head 9f5fdba; byte-identical values confirmed on run 33234598576 / job 99053244115 at head e672d8e) — SHA-256 of the STRIPPED libomnillm_llama.so as packaged in app-ui-release-unsigned.apk (variant: stripped-packaged). Same vendored llama.cpp b9999 / commit 47c786924ad1ab7e91da2cdc72fcdb563780c2bd pin as the prior capture (D1 build-info verified; android/native bit-identical since 756f5e1). Prior values (922b71b9… / aca89bba…, captured 2026-08-12 per the fresh-clone windows-host procedure) differed because NDK r28.2.13676358 host toolchain binaries (clang/lld/llvm-strip) are not byte-identical across windows/linux hosts and -ffile-prefix-map normalizes only checkout paths, not host toolchain output; the lock's toolchain hostOs block is left as originally captured (see 756f5e1 precedent). Gate: tools/ci/verify_llama_digest.py (root check); mismatch-when-present behavior unchanged."
  placementHint: "Trusted signed code + verified catalog model may use privileged/crash-contained; untrusted GGUF → isolated CPU or companion UID acceleration"
  failClosed: "Incomplete lock ⇒ Registry exposure UNKNOWN; dry-load never elevates trust; missing .so ⇒ no production adapter; unknown capability fail closed"
  qualificationStatus: "UNQUALIFIED — do not mark QUALIFIED_WITH_ENVELOPE / SUPPORTED without device evidence"
  experimentalFixture: "EXPERIMENTAL_FIXTURE path is packaging/exploratory only — NOT_SUPPORTED / UNQUALIFIED"
